// !$*UTF8*$!
{
	archiveVersion = 1;
	classes = {
	};
	objectVersion = 48;
	objects = {

/* Begin PBXBuildFile section */
		0406D353207B1080002B0468 /* AppDelegate.m in Sources */ = {isa = PBXBuildFile; fileRef = 0406D352207B1080002B0468 /* AppDelegate.m */; };
		0406D356207B1080002B0468 /* ViewController.m in Sources */ = {isa = PBXBuildFile; fileRef = 0406D355207B1080002B0468 /* ViewController.m */; };
		0406D359207B1080002B0468 /* Main.storyboard in Resources */ = {isa = PBXBuildFile; fileRef = 0406D357207B1080002B0468 /* Main.storyboard */; };
		0406D35B207B1080002B0468 /* Assets.xcassets in Resources */ = {isa = PBXBuildFile; fileRef = 0406D35A207B1080002B0468 /* Assets.xcassets */; };
		0406D35E207B1080002B0468 /* LaunchScreen.storyboard in Resources */ = {isa = PBXBuildFile; fileRef = 0406D35C207B1080002B0468 /* LaunchScreen.storyboard */; };
		0406D361207B1080002B0468 /* main.m in Sources */ = {isa = PBXBuildFile; fileRef = 0406D360207B1080002B0468 /* main.m */; };
		0406D36B207B1080002B0468 /* ___testTests.m in Sources */ = {isa = PBXBuildFile; fileRef = 0406D36A207B1080002B0468 /* ___testTests.m */; };
		0406D376207B1080002B0468 /* ___testUITests.m in Sources */ = {isa = PBXBuildFile; fileRef = 0406D375207B1080002B0468 /* ___testUITests.m */; };
		045251ED2085EB8F0088AA40 /* data.txt in Resources */ = {isa = PBXBuildFile; fileRef = 045251EC2085EB8F0088AA40 /* data.txt */; };
/* End PBXBuildFile section */

/* Begin PBXContainerItemProxy section */
		0406D367207B1080002B0468 /* PBXContainerItemProxy */ = {
			isa = PBXContainerItemProxy;
			containerPortal = 0406D346207B107F002B0468 /* Project object */;
			proxyType = 1;
			remoteGlobalIDString = 0406D34D207B107F002B0468;
			remoteInfo = "时时彩test";
		};
		0406D372207B1080002B0468 /* PBXContainerItemProxy */ = {
			isa = PBXContainerItemProxy;
			containerPortal = 0406D346207B107F002B0468 /* Project object */;
			proxyType = 1;
			remoteGlobalIDString = 0406D34D207B107F002B0468;
			remoteInfo = "时时彩test";
		};
/* End PBXContainerItemProxy section */

/* Begin PBXFileReference section */
		0406D34E207B1080002B0468 /* 时时彩test.app */ = {isa = PBXFileReference; explicitFileType = wrapper.application; includeInIndex = 0; path = "时时彩test.app"; sourceTree = BUILT_PRODUCTS_DIR; };
		0406D351207B1080002B0468 /* AppDelegate.h */ = {isa = PBXFileReference; lastKnownFileType = sourcecode.c.h; path = AppDelegate.h; sourceTree = "<group>"; };
		0406D352207B1080002B0468 /* AppDelegate.m */ = {isa = PBXFileReference; lastKnownFileType = sourcecode.c.objc; path = AppDelegate.m; sourceTree = "<group>"; };
		0406D354207B1080002B0468 /* ViewController.h */ = {isa = PBXFileReference; lastKnownFileType = sourcecode.c.h; path = ViewController.h; sourceTree = "<group>"; };
		0406D355207B1080002B0468 /* ViewController.m */ = {isa = PBXFileReference; lastKnownFileType = sourcecode.c.objc; path = ViewController.m; sourceTree = "<group>"; };
		0406D358207B1080002B0468 /* Base */ = {isa = PBXFileReference; lastKnownFileType = file.storyboard; name = Base; path = Base.lproj/Main.storyboard; sourceTree = "<group>"; };
		0406D35A207B1080002B0468 /* Assets.xcassets */ = {isa = PBXFileReference; lastKnownFileType = folder.assetcatalog; path = Assets.xcassets; sourceTree = "<group>"; };
		0406D35D207B1080002B0468 /* Base */ = {isa = PBXFileReference; lastKnownFileType = file.storyboard; name = Base; path = Base.lproj/LaunchScreen.storyboard; sourceTree = "<group>"; };
		0406D35F207B1080002B0468 /* Info.plist */ = {isa = PBXFileReference; lastKnownFileType = text.plist.xml; path = Info.plist; sourceTree = "<group>"; };
		0406D360207B1080002B0468 /* main.m */ = {isa = PBXFileReference; lastKnownFileType = sourcecode.c.objc; path = main.m; sourceTree = "<group>"; };
		0406D366207B1080002B0468 /* 时时彩testTests.xctest */ = {isa = PBXFileReference; explicitFileType = wrapper.cfbundle; includeInIndex = 0; path = "时时彩testTests.xctest"; sourceTree = BUILT_PRODUCTS_DIR; };
		0406D36A207B1080002B0468 /* ___testTests.m */ = {isa = PBXFileReference; lastKnownFileType = sourcecode.c.objc; path = "___testTests.m"; sourceTree = "<group>"; };
		0406D36C207B1080002B0468 /* Info.plist */ = {isa = PBXFileReference; lastKnownFileType = text.plist.xml; path = Info.plist; sourceTree = "<group>"; };
		0406D371207B1080002B0468 /* 时时彩testUITests.xctest */ = {isa = PBXFileReference; explicitFileType = wrapper.cfbundle; includeInIndex = 0; path = "时时彩testUITests.xctest"; sourceTree = BUILT_PRODUCTS_DIR; };
		0406D375207B1080002B0468 /* ___testUITests.m */ = {isa = PBXFileReference; lastKnownFileType = sourcecode.c.objc; path = "___testUITests.m"; sourceTree = "<group>"; };
		0406D377207B1080002B0468 /* Info.plist */ = {isa = PBXFileReference; lastKnownFileType = text.plist.xml; path = Info.plist; sourceTree = "<group>"; };
		045251EC2085EB8F0088AA40 /* data.txt */ = {isa = PBXFileReference; fileEncoding = 4; lastKnownFileType = text; path = data.txt; sourceTree = "<group>"; };
/* End PBXFileReference section */

/* Begin PBXFrameworksBuildPhase section */
		0406D34B207B107F002B0468 /* Frameworks */ = {
			isa = PBXFrameworksBuildPhase;
			buildActionMask = 2147483647;
			files = (
			);
			runOnlyForDeploymentPostprocessing = 0;
		};
		0406D363207B1080002B0468 /* Frameworks */ = {
			isa = PBXFrameworksBuildPhase;
			buildActionMask = 2147483647;
			files = (
			);
			runOnlyForDeploymentPostprocessing = 0;
		};
		0406D36E207B1080002B0468 /* Frameworks */ = {
			isa = PBXFrameworksBuildPhase;
			buildActionMask = 2147483647;
			files = (
			);
			runOnlyForDeploymentPostprocessing = 0;
		};
/* End PBXFrameworksBuildPhase section */

/* Begin PBXGroup section */
		0406D345207B107F002B0468 = {
			isa = PBXGroup;
			children = (
				0406D350207B1080002B0468 /* 时时彩test */,
				0406D369207B1080002B0468 /* 时时彩testTests */,
				0406D374207B1080002B0468 /* 时时彩testUITests */,
				0406D34F207B1080002B0468 /* Products */,
			);
			sourceTree = "<group>";
		};
		0406D34F207B1080002B0468 /* Products */ = {
			isa = PBXGroup;
			children = (
				0406D34E207B1080002B0468 /* 时时彩test.app */,
				0406D366207B1080002B0468 /* 时时彩testTests.xctest */,
				0406D371207B1080002B0468 /* 时时彩testUITests.xctest */,
			);
			name = Products;
			sourceTree = "<group>";
		};
		0406D350207B1080002B0468 /* 时时彩test */ = {
			isa = PBXGroup;
			children = (
				045251EC2085EB8F0088AA40 /* data.txt */,
				0406D351207B1080002B0468 /* AppDelegate.h */,
				0406D352207B1080002B0468 /* AppDelegate.m */,
				0406D354207B1080002B0468 /* ViewController.h */,
				0406D355207B1080002B0468 /* ViewController.m */,
				0406D357207B1080002B0468 /* Main.storyboard */,
				0406D35A207B1080002B0468 /* Assets.xcassets */,
				0406D35C207B1080002B0468 /* LaunchScreen.storyboard */,
				0406D35F207B1080002B0468 /* Info.plist */,
				0406D360207B1080002B0468 /* main.m */,
			);
			path = "时时彩test";
			sourceTree = "<group>";
		};
		0406D369207B1080002B0468 /* 时时彩testTests */ = {
			isa = PBXGroup;
			children = (
				0406D36A207B1080002B0468 /* ___testTests.m */,
				0406D36C207B1080002B0468 /* Info.plist */,
			);
			path = "时时彩testTests";
			sourceTree = "<group>";
		};
		0406D374207B1080002B0468 /* 时时彩testUITests */ = {
			isa = PBXGroup;
			children = (
				0406D375207B1080002B0468 /* ___testUITests.m */,
				0406D377207B1080002B0468 /* Info.plist */,
			);
			path = "时时彩testUITests";
			sourceTree = "<group>";
		};
/* End PBXGroup section */

/* Begin PBXNativeTarget section */
		0406D34D207B107F002B0468 /* 时时彩test */ = {
			isa = PBXNativeTarget;
			buildConfigurationList = 0406D37A207B1080002B0468 /* Build configuration list for PBXNativeTarget "时时彩test" */;
			buildPhases = (
				0406D34A207B107F002B0468 /* Sources */,
				0406D34B207B107F002B0468 /* Frameworks */,
				0406D34C207B107F002B0468 /* Resources */,
			);
			buildRules = (
			);
			dependencies = (
			);
			name = "时时彩test";
			productName = "时时彩test";
			productReference = 0406D34E207B1080002B0468 /* 时时彩test.app */;
			productType = "com.apple.product-type.application";
		};
		0406D365207B1080002B0468 /* 时时彩testTests */ = {
			isa = PBXNativeTarget;
			buildConfigurationList = 0406D37D207B1080002B0468 /* Build configuration list for PBXNativeTarget "时时彩testTests" */;
			buildPhases = (
				0406D362207B1080002B0468 /* Sources */,
				0406D363207B1080002B0468 /* Frameworks */,
				0406D364207B1080002B0468 /* Resources */,
			);
			buildRules = (
			);
			dependencies = (
				0406D368207B1080002B0468 /* PBXTargetDependency */,
			);
			name = "时时彩testTests";
			productName = "时时彩testTests";
			productReference = 0406D366207B1080002B0468 /* 时时彩testTests.xctest */;
			productType = "com.apple.product-type.bundle.unit-test";
		};
		0406D370207B1080002B0468 /* 时时彩testUITests */ = {
			isa = PBXNativeTarget;
			buildConfigurationList = 0406D380207B1080002B0468 /* Build configuration list for PBXNativeTarget "时时彩testUITests" */;
			buildPhases = (
				0406D36D207B1080002B0468 /* Sources */,
				0406D36E207B1080002B0468 /* Frameworks */,
				0406D36F207B1080002B0468 /* Resources */,
			);
			buildRules = (
			);
			dependencies = (
				0406D373207B1080002B0468 /* PBXTargetDependency */,
			);
			name = "时时彩testUITests";
			productName = "时时彩testUITests";
			productReference = 0406D371207B1080002B0468 /* 时时彩testUITests.xctest */;
			productType = "com.apple.product-type.bundle.ui-testing";
		};
/* End PBXNativeTarget section */

/* Begin PBXProject section */
		0406D346207B107F002B0468 /* Project object */ = {
			isa = PBXProject;
			attributes = {
				LastUpgradeCheck = 0910;
				ORGANIZATIONNAME = fly111;
				TargetAttributes = {
					0406D34D207B107F002B0468 = {
						CreatedOnToolsVersion = 9.1;
						ProvisioningStyle = Automatic;
					};
					0406D365207B1080002B0468 = {
						CreatedOnToolsVersion = 9.1;
						ProvisioningStyle = Automatic;
						TestTargetID = 0406D34D207B107F002B0468;
					};
					0406D370207B1080002B0468 = {
						CreatedOnToolsVersion = 9.1;
						ProvisioningStyle = Automatic;
						TestTargetID = 0406D34D207B107F002B0468;
					};
				};
			};
			buildConfigurationList = 0406D349207B107F002B0468 /* Build configuration list for PBXProject "时时彩test" */;
			compatibilityVersion = "Xcode 8.0";
			developmentRegion = en;
			hasScannedForEncodings = 0;
			knownRegions = (
				en,
				Base,
			);
			mainGroup = 0406D345207B107F002B0468;
			productRefGroup = 0406D34F207B1080002B0468 /* Products */;
			projectDirPath = "";
			projectRoot = "";
			targets = (
				0406D34D207B107F002B0468 /* 时时彩test */,
				0406D365207B1080002B0468 /* 时时彩testTests */,
				0406D370207B1080002B0468 /* 时时彩testUITests */,
			);
		};
/* End PBXProject section */

/* Begin PBXResourcesBuildPhase section */
		0406D34C207B107F002B0468 /* Resources */ = {
			isa = PBXResourcesBuildPhase;
			buildActionMask = 2147483647;
			files = (
				045251ED2085EB8F0088AA40 /* data.txt in Resources */,
				0406D35E207B1080002B0468 /* LaunchScreen.storyboard in Resources */,
				0406D35B207B1080002B0468 /* Assets.xcassets in Resources */,
				0406D359207B1080002B0468 /* Main.storyboard in Resources */,
			);
			runOnlyForDeploymentPostprocessing = 0;
		};
		0406D364207B1080002B0468 /* Resources */ = {
			isa = PBXResourcesBuildPhase;
			buildActionMask = 2147483647;
			files = (
			);
			runOnlyForDeploymentPostprocessing = 0;
		};
		0406D36F207B1080002B0468 /* Resources */ = {
			isa = PBXResourcesBuildPhase;
			buildActionMask = 2147483647;
			files = (
			);
			runOnlyForDeploymentPostprocessing = 0;
		};
/* End PBXResourcesBuildPhase section */

/* Begin PBXSourcesBuildPhase section */
		0406D34A207B107F002B0468 /* Sources */ = {
			isa = PBXSourcesBuildPhase;
			buildActionMask = 2147483647;
			files = (
				0406D356207B1080002B0468 /* ViewController.m in Sources */,
				0406D361207B1080002B0468 /* main.m in Sources */,
				0406D353207B1080002B0468 /* AppDelegate.m in Sources */,
			);
			runOnlyForDeploymentPostprocessing = 0;
		};
		0406D362207B1080002B0468 /* Sources */ = {
			isa = PBXSourcesBuildPhase;
			buildActionMask = 2147483647;
			files = (
				0406D36B207B1080002B0468 /* ___testTests.m in Sources */,
			);
			runOnlyForDeploymentPostprocessing = 0;
		};
		0406D36D207B1080002B0468 /* Sources */ = {
			isa = PBXSourcesBuildPhase;
			buildActionMask = 2147483647;
			files = (
				0406D376207B1080002B0468 /* ___testUITests.m in Sources */,
			);
			runOnlyForDeploymentPostprocessing = 0;
		};
/* End PBXSourcesBuildPhase section */

/* Begin PBXTargetDependency section */
		0406D368207B1080002B0468 /* PBXTargetDependency */ = {
			isa = PBXTargetDependency;
			target = 0406D34D207B107F002B0468 /* 时时彩test */;
			targetProxy = 0406D367207B1080002B0468 /* PBXContainerItemProxy */;
		};
		0406D373207B1080002B0468 /* PBXTargetDependency */ = {
			isa = PBXTargetDependency;
			target = 0406D34D207B107F002B0468 /* 时时彩test */;
			targetProxy = 0406D372207B1080002B0468 /* PBXContainerItemProxy */;
		};
/* End PBXTargetDependency section */

/* Begin PBXVariantGroup section */
		0406D357207B1080002B0468 /* Main.storyboard */ = {
			isa = PBXVariantGroup;
			children = (
				0406D358207B1080002B0468 /* Base */,
			);
			name = Main.storyboard;
			sourceTree = "<group>";
		};
		0406D35C207B1080002B0468 /* LaunchScreen.storyboard */ = {
			isa = PBXVariantGroup;
			children = (
				0406D35D207B1080002B0468 /* Base */,
			);
			name = LaunchScreen.storyboard;
			sourceTree = "<group>";
		};
/* End PBXVariantGroup section */

/* Begin XCBuildConfiguration section */
		0406D378207B1080002B0468 /* Debug */ = {
			isa = XCBuildConfiguration;
			buildSettings = {
				ALWAYS_SEARCH_USER_PATHS = NO;
				CLANG_ANALYZER_NONNULL = YES;
				CLANG_ANALYZER_NUMBER_OBJECT_CONVERSION = YES_AGGRESSIVE;
				CLANG_CXX_LANGUAGE_STANDARD = "gnu++14";
				CLANG_CXX_LIBRARY = "libc++";
				CLANG_ENABLE_MODULES = YES;
				CLANG_ENABLE_OBJC_ARC = YES;
				CLANG_WARN_BLOCK_CAPTURE_AUTORELEASING = YES;
				CLANG_WARN_BOOL_CONVERSION = YES;
				CLANG_WARN_COMMA = YES;
				CLANG_WARN_CONSTANT_CONVERSION = YES;
				CLANG_WARN_DIRECT_OBJC_ISA_USAGE = YES_ERROR;
				CLANG_WARN_DOCUMENTATION_COMMENTS = YES;
				CLANG_WARN_EMPTY_BODY = YES;
				CLANG_WARN_ENUM_CONVERSION = YES;
				CLANG_WARN_INFINITE_RECURSION = YES;
				CLANG_WARN_INT_CONVERSION = YES;
				CLANG_WARN_NON_LITERAL_NULL_CONVERSION = YES;
				CLANG_WARN_OBJC_LITERAL_CONVERSION = YES;
				CLANG_WARN_OBJC_ROOT_CLASS = YES_ERROR;
				CLANG_WARN_RANGE_LOOP_ANALYSIS = YES;
				CLANG_WARN_STRICT_PROTOTYPES = YES;
				CLANG_WARN_SUSPICIOUS_MOVE = YES;
				CLANG_WARN_UNGUARDED_AVAILABILITY = YES_AGGRESSIVE;
				CLANG_WARN_UNREACHABLE_CODE = YES;
				CLANG_WARN__DUPLICATE_METHOD_MATCH = YES;
				CODE_SIGN_IDENTITY = "iPhone Developer";
				COPY_PHASE_STRIP = NO;
				DEBUG_INFORMATION_FORMAT = dwarf;
				ENABLE_STRICT_OBJC_MSGSEND = YES;
				ENABLE_TESTABILITY = YES;
				GCC_C_LANGUAGE_STANDARD = gnu11;
				GCC_DYNAMIC_NO_PIC = NO;
				GCC_NO_COMMON_BLOCKS = YES;
				GCC_OPTIMIZATION_LEVEL = 0;
				GCC_PREPROCESSOR_DEFINITIONS = (
					"DEBUG=1",
					"$(inherited)",
				);
				GCC_WARN_64_TO_32_BIT_CONVERSION = YES;
				GCC_WARN_ABOUT_RETURN_TYPE = YES_ERROR;
				GCC_WARN_UNDECLARED_SELECTOR = YES;
				GCC_WARN_UNINITIALIZED_AUTOS = YES_AGGRESSIVE;
				GCC_WARN_UNUSED_FUNCTION = YES;
				GCC_WARN_UNUSED_VARIABLE = YES;
				IPHONEOS_DEPLOYMENT_TARGET = 11.1;
				MTL_ENABLE_DEBUG_INFO = YES;
				ONLY_ACTIVE_ARCH = YES;
				SDKROOT = iphoneos;
			};
			name = Debug;
		};
		0406D379207B1080002B0468 /* Release */ = {
			isa = XCBuildConfiguration;
			buildSettings = {
				ALWAYS_SEARCH_USER_PATHS = NO;
				CLANG_ANALYZER_NONNULL = YES;
				CLANG_ANALYZER_NUMBER_OBJECT_CONVERSION = YES_AGGRESSIVE;
				CLANG_CXX_LANGUAGE_STANDARD = "gnu++14";
				CLANG_CXX_LIBRARY = "libc++";
				CLANG_ENABLE_MODULES = YES;
				CLANG_ENABLE_OBJC_ARC = YES;
				CLANG_WARN_BLOCK_CAPTURE_AUTORELEASING = YES;
				CLANG_WARN_BOOL_CONVERSION = YES;
				CLANG_WARN_COMMA = YES;
				CLANG_WARN_CONSTANT_CONVERSION = YES;
				CLANG_WARN_DIRECT_OBJC_ISA_USAGE = YES_ERROR;
				CLANG_WARN_DOCUMENTATION_COMMENTS = YES;
				CLANG_WARN_EMPTY_BODY = YES;
				CLANG_WARN_ENUM_CONVERSION = YES;
				CLANG_WARN_INFINITE_RECURSION = YES;
				CLANG_WARN_INT_CONVERSION = YES;
				CLANG_WARN_NON_LITERAL_NULL_CONVERSION = YES;
				CLANG_WARN_OBJC_LITERAL_CONVERSION = YES;
				CLANG_WARN_OBJC_ROOT_CLASS = YES_ERROR;
				CLANG_WARN_RANGE_LOOP_ANALYSIS = YES;
				CLANG_WARN_STRICT_PROTOTYPES = YES;
				CLANG_WARN_SUSPICIOUS_MOVE = YES;
				CLANG_WARN_UNGUARDED_AVAILABILITY = YES_AGGRESSIVE;
				CLANG_WARN_UNREACHABLE_CODE = YES;
				CLANG_WARN__DUPLICATE_METHOD_MATCH = YES;
				CODE_SIGN_IDENTITY = "iPhone Developer";
				COPY_PHASE_STRIP = NO;
				DEBUG_INFORMATION_FORMAT = "dwarf-with-dsym";
				ENABLE_NS_ASSERTIONS = NO;
				ENABLE_STRICT_OBJC_MSGSEND = YES;
				GCC_C_LANGUAGE_STANDARD = gnu11;
				GCC_NO_COMMON_BLOCKS = YES;
				GCC_WARN_64_TO_32_BIT_CONVERSION = YES;
				GCC_WARN_ABOUT_RETURN_TYPE = YES_ERROR;
				GCC_WARN_UNDECLARED_SELECTOR = YES;
				GCC_WARN_UNINITIALIZED_AUTOS = YES_AGGRESSIVE;
				GCC_WARN_UNUSED_FUNCTION = YES;
				GCC_WARN_UNUSED_VARIABLE = YES;
				IPHONEOS_DEPLOYMENT_TARGET = 11.1;
				MTL_ENABLE_DEBUG_INFO = NO;
				SDKROOT = iphoneos;
				VALIDATE_PRODUCT = YES;
			};
			name = Release;
		};
		0406D37B207B1080002B0468 /* Debug */ = {
			isa = XCBuildConfiguration;
			buildSettings = {
				ASSETCATALOG_COMPILER_APPICON_NAME = AppIcon;
				CODE_SIGN_STYLE = Automatic;
				INFOPLIST_FILE = "时时彩test/Info.plist";
				LD_RUNPATH_SEARCH_PATHS = "$(inherited) @executable_path/Frameworks";
				PRODUCT_BUNDLE_IDENTIFIER = "com.future222.---test";
				PRODUCT_NAME = "$(TARGET_NAME)";
				TARGETED_DEVICE_FAMILY = "1,2";
			};
			name = Debug;
		};
		0406D37C207B1080002B0468 /* Release */ = {
			isa = XCBuildConfiguration;
			buildSettings = {
				ASSETCATALOG_COMPILER_APPICON_NAME = AppIcon;
				CODE_SIGN_STYLE = Automatic;
				INFOPLIST_FILE = "时时彩test/Info.plist";
				LD_RUNPATH_SEARCH_PATHS = "$(inherited) @executable_path/Frameworks";
				PRODUCT_BUNDLE_IDENTIFIER = "com.future222.---test";
				PRODUCT_NAME = "$(TARGET_NAME)";
				TARGETED_DEVICE_FAMILY = "1,2";
			};
			name = Release;
		};
		0406D37E207B1080002B0468 /* Debug */ = {
			isa = XCBuildConfiguration;
			buildSettings = {
				BUNDLE_LOADER = "$(TEST_HOST)";
				CODE_SIGN_STYLE = Automatic;
				INFOPLIST_FILE = "时时彩testTests/Info.plist";
				LD_RUNPATH_SEARCH_PATHS = "$(inherited) @executable_path/Frameworks @loader_path/Frameworks";
				PRODUCT_BUNDLE_IDENTIFIER = "com.future222.---testTests";
				PRODUCT_NAME = "$(TARGET_NAME)";
				TARGETED_DEVICE_FAMILY = "1,2";
				TEST_HOST = "$(BUILT_PRODUCTS_DIR)/时时彩test.app/时时彩test";
			};
			name = Debug;
		};
		0406D37F207B1080002B0468 /* Release */ = {
			isa = XCBuildConfiguration;
			buildSettings = {
				BUNDLE_LOADER = "$(TEST_HOST)";
				CODE_SIGN_STYLE = Automatic;
				INFOPLIST_FILE = "时时彩testTests/Info.plist";
				LD_RUNPATH_SEARCH_PATHS = "$(inherited) @executable_path/Frameworks @loader_path/Frameworks";
				PRODUCT_BUNDLE_IDENTIFIER = "com.future222.---testTests";
				PRODUCT_NAME = "$(TARGET_NAME)";
				TARGETED_DEVICE_FAMILY = "1,2";
				TEST_HOST = "$(BUILT_PRODUCTS_DIR)/时时彩test.app/时时彩test";
			};
			name = Release;
		};
		0406D381207B1080002B0468 /* Debug */ = {
			isa = XCBuildConfiguration;
			buildSettings = {
				CODE_SIGN_STYLE = Automatic;
				INFOPLIST_FILE = "时时彩testUITests/Info.plist";
				LD_RUNPATH_SEARCH_PATHS = "$(inherited) @executable_path/Frameworks @loader_path/Frameworks";
				PRODUCT_BUNDLE_IDENTIFIER = "com.future222.---testUITests";
				PRODUCT_NAME = "$(TARGET_NAME)";
				TARGETED_DEVICE_FAMILY = "1,2";
				TEST_TARGET_NAME = "时时彩test";
			};
			name = Debug;
		};
		0406D382207B1080002B0468 /* Release */ = {
			isa = XCBuildConfiguration;
			buildSettings = {
				CODE_SIGN_STYLE = Automatic;
				INFOPLIST_FILE = "时时彩testUITests/Info.plist";
				LD_RUNPATH_SEARCH_PATHS = "$(inherited) @executable_path/Frameworks @loader_path/Frameworks";
				PRODUCT_BUNDLE_IDENTIFIER = "com.future222.---testUITests";
				PRODUCT_NAME = "$(TARGET_NAME)";
				TARGETED_DEVICE_FAMILY = "1,2";
				TEST_TARGET_NAME = "时时彩test";
			};
			name = Release;
		};
/* End XCBuildConfiguration section */

/* Begin XCConfigurationList section */
		0406D349207B107F002B0468 /* Build configuration list for PBXProject "时时彩test" */ = {
			isa = XCConfigurationList;
			buildConfigurations = (
				0406D378207B1080002B0468 /* Debug */,
				0406D379207B1080002B0468 /* Release */,
			);
			defaultConfigurationIsVisible = 0;
			defaultConfigurationName = Release;
		};
		0406D37A207B1080002B0468 /* Build configuration list for PBXNativeTarget "时时彩test" */ = {
			isa = XCConfigurationList;
			buildConfigurations = (
				0406D37B207B1080002B0468 /* Debug */,
				0406D37C207B1080002B0468 /* Release */,
			);
			defaultConfigurationIsVisible = 0;
			defaultConfigurationName = Release;
		};
		0406D37D207B1080002B0468 /* Build configuration list for PBXNativeTarget "时时彩testTests" */ = {
			isa = XCConfigurationList;
			buildConfigurations = (
				0406D37E207B1080002B0468 /* Debug */,
				0406D37F207B1080002B0468 /* Release */,
			);
			defaultConfigurationIsVisible = 0;
			defaultConfigurationName = Release;
		};
		0406D380207B1080002B0468 /* Build configuration list for PBXNativeTarget "时时彩testUITests" */ = {
			isa = XCConfigurationList;
			buildConfigurations = (
				0406D381207B1080002B0468 /* Debug */,
				0406D382207B1080002B0468 /* Release */,
			);
			defaultConfigurationIsVisible = 0;
			defaultConfigurationName = Release;
		};
/* End XCConfigurationList section */
	};
	rootObject = 0406D346207B107F002B0468 /* Project object */;
}
